
Microsoft Visual Studio Solution File, Format Version 12.00
# Visual Studio 14
VisualStudioVersion = 14.0.25420.1
MinimumVisualStudioVersion = 10.0.40219.1
Project("{FAE04EC0-301F-11D3-BF4B-00C04F79EFBC}") = "Game1", "Game1\Game1.csproj", "{594DF63E-B344-41C9-BACB-772B91EED48D}"
EndProject
Global
	GlobalSection(SolutionConfigurationPlatforms) = preSolution
		Debug|x86 = Debug|x86
		Release|x86 = Release|x86
	EndGlobalSection
	GlobalSection(ProjectConfigurationPlatforms) = postSolution
		{594DF63E-B344-41C9-BACB-772B91EED48D}.Debug|x86.ActiveCfg = Debug|x86
		{594DF63E-B344-41C9-BACB-772B91EED48D}.Debug|x86.Build.0 = Debug|x86
		{594DF63E-B344-41C9-BACB-772B91EED48D}.Release|x86.ActiveCfg = Release|x86
		{594DF63E-B344-41C9-BACB-772B91EED48D}.Release|x86.Build.0 = Release|x86
	EndGlobalSection
	GlobalSection(SolutionProperties) = preSolution
		HideSolutionNode = FALSE
	EndGlobalSection
EndGlobal
